
Microsoft Visual Studio Solution File, Format Version 12.00
# Visual Studio 15
VisualStudioVersion = 15.0.27703.2035
MinimumVisualStudioVersion = 10.0.40219.1
Project("{9A19103F-16F7-4668-BE54-9A1E7A4F7556}") = "MusicMatchup-v2", "MusicMatchup-v2.csproj", "{A692DDEF-9FBC-4056-BD2E-1C0ADBE1BD10}"
EndProject
Global
	GlobalSection(SolutionConfigurationPlatforms) = preSolution
		Debug|Any CPU = Debug|Any CPU
		Release|Any CPU = Release|Any CPU
	EndGlobalSection
	GlobalSection(ProjectConfigurationPlatforms) = postSolution
		{A692DDEF-9FBC-4056-BD2E-1C0ADBE1BD10}.Debug|Any CPU.ActiveCfg = Debug|Any CPU
		{A692DDEF-9FBC-4056-BD2E-1C0ADBE1BD10}.Debug|Any CPU.Build.0 = Debug|Any CPU
		{A692DDEF-9FBC-4056-BD2E-1C0ADBE1BD10}.Release|Any CPU.ActiveCfg = Release|Any CPU
		{A692DDEF-9FBC-4056-BD2E-1C0ADBE1BD10}.Release|Any CPU.Build.0 = Release|Any CPU
	EndGlobalSection
	GlobalSection(SolutionProperties) = preSolution
		HideSolutionNode = FALSE
	EndGlobalSection
	GlobalSection(ExtensibilityGlobals) = postSolution
		SolutionGuid = {04893FD5-D48F-4DCA-80A8-A650477CB040}
	EndGlobalSection
EndGlobal
